{
  "requires": true,
  "lockfileVersion": 1,
  "dependencies": {
    "alertify.js": {
      "version": "1.0.12",
      "resolved": "https://registry.npmjs.org/alertify.js/-/alertify.js-1.0.12.tgz",
      "integrity": "sha1-jB8VQj28uwfwNo8oHPefZJfjz+o=",
      "requires": {
        "snyk": "^1.14.3"
      }
    },
    "snyk": {
      "version": "1.852.0",
      "resolved": "https://registry.npmjs.org/snyk/-/snyk-1.852.0.tgz",
      "integrity": "sha512-p+C0Jq7qYsdmt8gmyB7rz3I9+BsVZKrXx/VqfPRgZECTQLft5BlXXE8dtwPIlKTIIBGQeT9Cy6ZyKzvZxpE6OA=="
    }
  }
}
